
Microsoft Visual Studio Solution File, Format Version 12.00
# Visual Studio Version 17
VisualStudioVersion = 17.9.34622.214
MinimumVisualStudioVersion = 10.0.40219.1
Project("{FAE04EC0-301F-11D3-BF4B-00C04F79EFBC}") = "Apartment", "Apartment.csproj", "{43B69877-1336-4B57-9C0D-84AA0D319510}"
EndProject
Global
	GlobalSection(SolutionConfigurationPlatforms) = preSolution
		Debug|Any CPU = Debug|Any CPU
		Release|Any CPU = Release|Any CPU
	EndGlobalSection
	GlobalSection(ProjectConfigurationPlatforms) = postSolution
		{43B69877-1336-4B57-9C0D-84AA0D319510}.Debug|Any CPU.ActiveCfg = Debug|Any CPU
		{43B69877-1336-4B57-9C0D-84AA0D319510}.Debug|Any CPU.Build.0 = Debug|Any CPU
		{43B69877-1336-4B57-9C0D-84AA0D319510}.Release|Any CPU.ActiveCfg = Release|Any CPU
		{43B69877-1336-4B57-9C0D-84AA0D319510}.Release|Any CPU.Build.0 = Release|Any CPU
	EndGlobalSection
	GlobalSection(SolutionProperties) = preSolution
		HideSolutionNode = FALSE
	EndGlobalSection
	GlobalSection(ExtensibilityGlobals) = postSolution
		SolutionGuid = {F2D0352A-55DD-4847-9520-581E10C40CA8}
	EndGlobalSection
EndGlobal
